
Microsoft Visual Studio Solution File, Format Version 10.00
# Visual Studio 2008
Project("{8BC9CEB8-8B4A-11D0-8D11-00A0C91BC942}") = "NetHackW", "build\NetHackW.vcproj", "{BB934916-7969-40B1-9019-991D06B85236}"
	ProjectSection(ProjectDependencies) = postProject
		{E0FA16D4-3380-433B-AD70-A4E79D1A7AC1} = {E0FA16D4-3380-433B-AD70-A4E79D1A7AC1}
		{80329A67-7DCB-4522-A61B-D8220A655F4A} = {80329A67-7DCB-4522-A61B-D8220A655F4A}
		{26DBBB78-4FA4-4981-847C-AB10E76E7573} = {26DBBB78-4FA4-4981-847C-AB10E76E7573}
		{B4D3C3D4-E31E-4D82-9064-A32E86BFC03D} = {B4D3C3D4-E31E-4D82-9064-A32E86BFC03D}
		{B49AEEBA-76FC-4763-8E12-0C6DB3E2FEA6} = {B49AEEBA-76FC-4763-8E12-0C6DB3E2FEA6}
		{EBBB1625-A3B8-4239-B022-E38AF68F1291} = {EBBB1625-A3B8-4239-B022-E38AF68F1291}
		{217BA6AF-F3AF-4345-B3AB-8358D642502E} = {217BA6AF-F3AF-4345-B3AB-8358D642502E}
	EndProjectSection
EndProject
Project("{8BC9CEB8-8B4A-11D0-8D11-00A0C91BC942}") = "dgncomp", "build\dgncomp.vcproj", "{E0FA16D4-3380-433B-AD70-A4E79D1A7AC1}"
	ProjectSection(ProjectDependencies) = postProject
		{BBE363D3-B6FC-4142-80BA-1F192260C5C3} = {BBE363D3-B6FC-4142-80BA-1F192260C5C3}
	EndProjectSection
EndProject
Project("{8BC9CEB8-8B4A-11D0-8D11-00A0C91BC942}") = "dgnstuff", "build\dgnstuff.vcproj", "{BBE363D3-B6FC-4142-80BA-1F192260C5C3}"
	ProjectSection(ProjectDependencies) = postProject
		{B4D3C3D4-E31E-4D82-9064-A32E86BFC03D} = {B4D3C3D4-E31E-4D82-9064-A32E86BFC03D}
	EndProjectSection
EndProject
Project("{8BC9CEB8-8B4A-11D0-8D11-00A0C91BC942}") = "dlb_main", "build\dlb_main.vcproj", "{80329A67-7DCB-4522-A61B-D8220A655F4A}"
	ProjectSection(ProjectDependencies) = postProject
		{E0FA16D4-3380-433B-AD70-A4E79D1A7AC1} = {E0FA16D4-3380-433B-AD70-A4E79D1A7AC1}
		{26DBBB78-4FA4-4981-847C-AB10E76E7573} = {26DBBB78-4FA4-4981-847C-AB10E76E7573}
		{B4D3C3D4-E31E-4D82-9064-A32E86BFC03D} = {B4D3C3D4-E31E-4D82-9064-A32E86BFC03D}
	EndProjectSection
EndProject
Project("{8BC9CEB8-8B4A-11D0-8D11-00A0C91BC942}") = "levcomp", "build\levcomp.vcproj", "{26DBBB78-4FA4-4981-847C-AB10E76E7573}"
	ProjectSection(ProjectDependencies) = postProject
		{433B72D6-5A0B-49EB-883F-078FE8A1C519} = {433B72D6-5A0B-49EB-883F-078FE8A1C519}
	EndProjectSection
EndProject
Project("{8BC9CEB8-8B4A-11D0-8D11-00A0C91BC942}") = "levstuff", "build\levstuff.vcproj", "{433B72D6-5A0B-49EB-883F-078FE8A1C519}"
	ProjectSection(ProjectDependencies) = postProject
		{B4D3C3D4-E31E-4D82-9064-A32E86BFC03D} = {B4D3C3D4-E31E-4D82-9064-A32E86BFC03D}
	EndProjectSection
EndProject
Project("{8BC9CEB8-8B4A-11D0-8D11-00A0C91BC942}") = "makedefs", "build\makedefs.vcproj", "{B4D3C3D4-E31E-4D82-9064-A32E86BFC03D}"
EndProject
Project("{8BC9CEB8-8B4A-11D0-8D11-00A0C91BC942}") = "recover", "build\recover.vcproj", "{B18361AD-E6E0-4AA3-8FAB-A225B40CC58A}"
	ProjectSection(ProjectDependencies) = postProject
		{B4D3C3D4-E31E-4D82-9064-A32E86BFC03D} = {B4D3C3D4-E31E-4D82-9064-A32E86BFC03D}
		{80329A67-7DCB-4522-A61B-D8220A655F4A} = {80329A67-7DCB-4522-A61B-D8220A655F4A}
	EndProjectSection
EndProject
Project("{8BC9CEB8-8B4A-11D0-8D11-00A0C91BC942}") = "tile2bmp", "build\tile2bmp.vcproj", "{9AE37BAE-C760-4B74-860B-D511CA767741}"
EndProject
Project("{8BC9CEB8-8B4A-11D0-8D11-00A0C91BC942}") = "tilemap", "build\tilemap.vcproj", "{B49AEEBA-76FC-4763-8E12-0C6DB3E2FEA6}"
EndProject
Project("{8BC9CEB8-8B4A-11D0-8D11-00A0C91BC942}") = "tiles", "build\tiles.vcproj", "{EBBB1625-A3B8-4239-B022-E38AF68F1291}"
	ProjectSection(ProjectDependencies) = postProject
		{9AE37BAE-C760-4B74-860B-D511CA767741} = {9AE37BAE-C760-4B74-860B-D511CA767741}
	EndProjectSection
EndProject
Project("{8BC9CEB8-8B4A-11D0-8D11-00A0C91BC942}") = "uudecode", "build\uudecode.vcproj", "{217BA6AF-F3AF-4345-B3AB-8358D642502E}"
EndProject
Global
	GlobalSection(SolutionConfigurationPlatforms) = preSolution
		Debug|Win32 = Debug|Win32
		Release|Win32 = Release|Win32
	EndGlobalSection
	GlobalSection(ProjectConfigurationPlatforms) = postSolution
		{BB934916-7969-40B1-9019-991D06B85236}.Debug|Win32.ActiveCfg = Debug|Win32
		{BB934916-7969-40B1-9019-991D06B85236}.Debug|Win32.Build.0 = Debug|Win32
		{BB934916-7969-40B1-9019-991D06B85236}.Release|Win32.ActiveCfg = Release|Win32
		{BB934916-7969-40B1-9019-991D06B85236}.Release|Win32.Build.0 = Release|Win32
		{E0FA16D4-3380-433B-AD70-A4E79D1A7AC1}.Debug|Win32.ActiveCfg = Debug|Win32
		{E0FA16D4-3380-433B-AD70-A4E79D1A7AC1}.Debug|Win32.Build.0 = Debug|Win32
		{E0FA16D4-3380-433B-AD70-A4E79D1A7AC1}.Release|Win32.ActiveCfg = Release|Win32
		{E0FA16D4-3380-433B-AD70-A4E79D1A7AC1}.Release|Win32.Build.0 = Release|Win32
		{BBE363D3-B6FC-4142-80BA-1F192260C5C3}.Debug|Win32.ActiveCfg = Debug|Win32
		{BBE363D3-B6FC-4142-80BA-1F192260C5C3}.Debug|Win32.Build.0 = Debug|Win32
		{BBE363D3-B6FC-4142-80BA-1F192260C5C3}.Release|Win32.ActiveCfg = Release|Win32
		{BBE363D3-B6FC-4142-80BA-1F192260C5C3}.Release|Win32.Build.0 = Release|Win32
		{80329A67-7DCB-4522-A61B-D8220A655F4A}.Debug|Win32.ActiveCfg = Debug|Win32
		{80329A67-7DCB-4522-A61B-D8220A655F4A}.Debug|Win32.Build.0 = Debug|Win32
		{80329A67-7DCB-4522-A61B-D8220A655F4A}.Release|Win32.ActiveCfg = Release|Win32
		{80329A67-7DCB-4522-A61B-D8220A655F4A}.Release|Win32.Build.0 = Release|Win32
		{26DBBB78-4FA4-4981-847C-AB10E76E7573}.Debug|Win32.ActiveCfg = Debug|Win32
		{26DBBB78-4FA4-4981-847C-AB10E76E7573}.Debug|Win32.Build.0 = Debug|Win32
		{26DBBB78-4FA4-4981-847C-AB10E76E7573}.Release|Win32.ActiveCfg = Release|Win32
		{26DBBB78-4FA4-4981-847C-AB10E76E7573}.Release|Win32.Build.0 = Release|Win32
		{433B72D6-5A0B-49EB-883F-078FE8A1C519}.Debug|Win32.ActiveCfg = Debug|Win32
		{433B72D6-5A0B-49EB-883F-078FE8A1C519}.Debug|Win32.Build.0 = Debug|Win32
		{433B72D6-5A0B-49EB-883F-078FE8A1C519}.Release|Win32.ActiveCfg = Release|Win32
		{433B72D6-5A0B-49EB-883F-078FE8A1C519}.Release|Win32.Build.0 = Release|Win32
		{B4D3C3D4-E31E-4D82-9064-A32E86BFC03D}.Debug|Win32.ActiveCfg = Debug|Win32
		{B4D3C3D4-E31E-4D82-9064-A32E86BFC03D}.Debug|Win32.Build.0 = Debug|Win32
		{B4D3C3D4-E31E-4D82-9064-A32E86BFC03D}.Release|Win32.ActiveCfg = Release|Win32
		{B4D3C3D4-E31E-4D82-9064-A32E86BFC03D}.Release|Win32.Build.0 = Release|Win32
		{B18361AD-E6E0-4AA3-8FAB-A225B40CC58A}.Debug|Win32.ActiveCfg = Debug|Win32
		{B18361AD-E6E0-4AA3-8FAB-A225B40CC58A}.Debug|Win32.Build.0 = Debug|Win32
		{B18361AD-E6E0-4AA3-8FAB-A225B40CC58A}.Release|Win32.ActiveCfg = Release|Win32
		{B18361AD-E6E0-4AA3-8FAB-A225B40CC58A}.Release|Win32.Build.0 = Release|Win32
		{9AE37BAE-C760-4B74-860B-D511CA767741}.Debug|Win32.ActiveCfg = Debug|Win32
		{9AE37BAE-C760-4B74-860B-D511CA767741}.Debug|Win32.Build.0 = Debug|Win32
		{9AE37BAE-C760-4B74-860B-D511CA767741}.Release|Win32.ActiveCfg = Release|Win32
		{9AE37BAE-C760-4B74-860B-D511CA767741}.Release|Win32.Build.0 = Release|Win32
		{B49AEEBA-76FC-4763-8E12-0C6DB3E2FEA6}.Debug|Win32.ActiveCfg = Debug|Win32
		{B49AEEBA-76FC-4763-8E12-0C6DB3E2FEA6}.Debug|Win32.Build.0 = Debug|Win32
		{B49AEEBA-76FC-4763-8E12-0C6DB3E2FEA6}.Release|Win32.ActiveCfg = Release|Win32
		{B49AEEBA-76FC-4763-8E12-0C6DB3E2FEA6}.Release|Win32.Build.0 = Release|Win32
		{EBBB1625-A3B8-4239-B022-E38AF68F1291}.Debug|Win32.ActiveCfg = Debug|Win32
		{EBBB1625-A3B8-4239-B022-E38AF68F1291}.Debug|Win32.Build.0 = Debug|Win32
		{EBBB1625-A3B8-4239-B022-E38AF68F1291}.Release|Win32.ActiveCfg = Release|Win32
		{EBBB1625-A3B8-4239-B022-E38AF68F1291}.Release|Win32.Build.0 = Release|Win32
		{217BA6AF-F3AF-4345-B3AB-8358D642502E}.Debug|Win32.ActiveCfg = Debug|Win32
		{217BA6AF-F3AF-4345-B3AB-8358D642502E}.Debug|Win32.Build.0 = Debug|Win32
		{217BA6AF-F3AF-4345-B3AB-8358D642502E}.Release|Win32.ActiveCfg = Release|Win32
		{217BA6AF-F3AF-4345-B3AB-8358D642502E}.Release|Win32.Build.0 = Release|Win32
	EndGlobalSection
	GlobalSection(SolutionProperties) = preSolution
		HideSolutionNode = FALSE
	EndGlobalSection
EndGlobal
